
Microsoft Visual Studio Solution File, Format Version 12.00
# Visual Studio Version 17
VisualStudioVersion = 17.13.35806.99
MinimumVisualStudioVersion = 10.0.40219.1
Project("{FAE04EC0-301F-11D3-BF4B-00C04F79EFBC}") = "PersonalFinance.Report", "PersonalFinance.Report\PersonalFinance.Report.csproj", "{8F3A437B-19EC-4F06-A23E-C4648512A594}"
EndProject
Project("{FAE04EC0-301F-11D3-BF4B-00C04F79EFBC}") = "PersonalFinance.Web", "PersonalFinance.Web\PersonalFinance.Web.csproj", "{D3ECB270-706B-4B7B-9293-B806A1CC0F4B}"
EndProject
Project("{FAE04EC0-301F-11D3-BF4B-00C04F79EFBC}") = "PersonalFinance.Business", "PersonalFinance.Business\PersonalFinance.Business.csproj", "{E1DA4BA7-60F6-4262-8087-C0230DC2F8D7}"
EndProject
Project("{FAE04EC0-301F-11D3-BF4B-00C04F79EFBC}") = "PersonalFinance.DataAccess", "PersonalFinance.DataAccess\PersonalFinance.DataAccess.csproj", "{E79B32D1-6F00-473B-89AE-9F7A0B4B7E8A}"
EndProject
Global
	GlobalSection(SolutionConfigurationPlatforms) = preSolution
		Debug|Any CPU = Debug|Any CPU
		Release|Any CPU = Release|Any CPU
	EndGlobalSection
	GlobalSection(ProjectConfigurationPlatforms) = postSolution
		{8F3A437B-19EC-4F06-A23E-C4648512A594}.Debug|Any CPU.ActiveCfg = Debug|Any CPU
		{8F3A437B-19EC-4F06-A23E-C4648512A594}.Debug|Any CPU.Build.0 = Debug|Any CPU
		{8F3A437B-19EC-4F06-A23E-C4648512A594}.Release|Any CPU.ActiveCfg = Release|Any CPU
		{8F3A437B-19EC-4F06-A23E-C4648512A594}.Release|Any CPU.Build.0 = Release|Any CPU
		{D3ECB270-706B-4B7B-9293-B806A1CC0F4B}.Debug|Any CPU.ActiveCfg = Debug|Any CPU
		{D3ECB270-706B-4B7B-9293-B806A1CC0F4B}.Debug|Any CPU.Build.0 = Debug|Any CPU
		{D3ECB270-706B-4B7B-9293-B806A1CC0F4B}.Release|Any CPU.ActiveCfg = Release|Any CPU
		{D3ECB270-706B-4B7B-9293-B806A1CC0F4B}.Release|Any CPU.Build.0 = Release|Any CPU
		{E1DA4BA7-60F6-4262-8087-C0230DC2F8D7}.Debug|Any CPU.ActiveCfg = Debug|Any CPU
		{E1DA4BA7-60F6-4262-8087-C0230DC2F8D7}.Debug|Any CPU.Build.0 = Debug|Any CPU
		{E1DA4BA7-60F6-4262-8087-C0230DC2F8D7}.Release|Any CPU.ActiveCfg = Release|Any CPU
		{E1DA4BA7-60F6-4262-8087-C0230DC2F8D7}.Release|Any CPU.Build.0 = Release|Any CPU
		{E79B32D1-6F00-473B-89AE-9F7A0B4B7E8A}.Debug|Any CPU.ActiveCfg = Debug|Any CPU
		{E79B32D1-6F00-473B-89AE-9F7A0B4B7E8A}.Debug|Any CPU.Build.0 = Debug|Any CPU
		{E79B32D1-6F00-473B-89AE-9F7A0B4B7E8A}.Release|Any CPU.ActiveCfg = Release|Any CPU
		{E79B32D1-6F00-473B-89AE-9F7A0B4B7E8A}.Release|Any CPU.Build.0 = Release|Any CPU
	EndGlobalSection
	GlobalSection(SolutionProperties) = preSolution
		HideSolutionNode = FALSE
	EndGlobalSection
	GlobalSection(ExtensibilityGlobals) = postSolution
		SolutionGuid = {9CD975F8-B358-4C54-9474-7708FA72B962}
	EndGlobalSection
EndGlobal
